{
  "name": "vibetracking",
  "version": "0.1.0",
  "lockfileVersion": 3,
  "requires": true,
  "packages": {
    "": {
      "name": "vibetracking",
      "version": "0.1.0",
      "license": "MIT",
      "os": [
        "darwin",
        "linux",
        "win32"
      ],
      "dependencies": {
        "@starknetid/vibetracking-core": "^0.1.0",
        "clipboardy": "^5.0.2",
        "commander": "^14.0.2",
        "csv-parse": "^5.6.0",
        "date-fns": "^4.1.0",
        "open": "^10.1.0",
        "pako": "^2.1.0",
        "picocolors": "^1.1.1"
      },
      "bin": {
        "vibetracking": "dist/cli.js"
      },
      "devDependencies": {
        "@types/node": "^20.0.0",
        "@types/pako": "^2.0.4",
        "typescript": "^5.0.0"
      },
      "engines": {
        "bun": ">= 1.0"
      }
    },
    "../../node_modules/.pnpm/@napi-rs+cli@3.5.1_@emnapi+runtime@1.8.1_@types+node@20.19.27/node_modules/@napi-rs/cli": {
      "version": "3.5.1",
      "extraneous": true,
      "license": "MIT",
      "dependencies": {
        "@inquirer/prompts": "^8.0.0",
        "@napi-rs/cross-toolchain": "^1.0.3",
        "@napi-rs/wasm-tools": "^1.0.1",
        "@octokit/rest": "^22.0.1",
        "clipanion": "^4.0.0-rc.4",
        "colorette": "^2.0.20",
        "emnapi": "^1.7.1",
        "es-toolkit": "^1.41.0",
        "js-yaml": "^4.1.0",
        "obug": "^2.0.0",
        "semver": "^7.7.3",
        "typanion": "^3.14.0"
      },
      "bin": {
        "napi": "dist/cli.js",
        "napi-raw": "cli.mjs"
      },
      "devDependencies": {
        "@emnapi/runtime": "^1.7.1",
        "@oxc-node/core": "^0.0.35",
        "@std/toml": "npm:@jsr/std__toml@^1.0.11",
        "@types/inquirer": "^9.0.9",
        "@types/js-yaml": "^4.0.9",
        "@types/node": "^24.10.0",
        "@types/semver": "^7.7.1",
        "ava": "^6.4.1",
        "empathic": "^2.0.0",
        "env-paths": "^3.0.0",
        "prettier": "^3.6.2",
        "tsdown": "^0.18.0",
        "tslib": "^2.8.1",
        "typescript": "^5.9.3"
      },
      "engines": {
        "node": ">= 16"
      },
      "funding": {
        "type": "github",
        "url": "https://github.com/sponsors/Brooooooklyn"
      },
      "peerDependencies": {
        "@emnapi/runtime": "^1.7.1"
      },
      "peerDependenciesMeta": {
        "@emnapi/runtime": {
          "optional": true
        }
      }
    },
    "../../node_modules/.pnpm/@types+node@20.19.27/node_modules/@types/node": {
      "version": "20.19.27",
      "dev": true,
      "license": "MIT",
      "dependencies": {
        "undici-types": "~6.21.0"
      }
    },
    "../../node_modules/.pnpm/@types+pako@2.0.4/node_modules/@types/pako": {
      "version": "2.0.4",
      "dev": true,
      "license": "MIT"
    },
    "../../node_modules/.pnpm/ava@6.4.1/node_modules/ava": {
      "version": "6.4.1",
      "extraneous": true,
      "license": "MIT",
      "dependencies": {
        "@vercel/nft": "^0.29.4",
        "acorn": "^8.15.0",
        "acorn-walk": "^8.3.4",
        "ansi-styles": "^6.2.1",
        "arrgv": "^1.0.2",
        "arrify": "^3.0.0",
        "callsites": "^4.2.0",
        "cbor": "^10.0.9",
        "chalk": "^5.4.1",
        "chunkd": "^2.0.1",
        "ci-info": "^4.3.0",
        "ci-parallel-vars": "^1.0.1",
        "cli-truncate": "^4.0.0",
        "code-excerpt": "^4.0.0",
        "common-path-prefix": "^3.0.0",
        "concordance": "^5.0.4",
        "currently-unhandled": "^0.4.1",
        "debug": "^4.4.1",
        "emittery": "^1.2.0",
        "figures": "^6.1.0",
        "globby": "^14.1.0",
        "ignore-by-default": "^2.1.0",
        "indent-string": "^5.0.0",
        "is-plain-object": "^5.0.0",
        "is-promise": "^4.0.0",
        "matcher": "^5.0.0",
        "memoize": "^10.1.0",
        "ms": "^2.1.3",
        "p-map": "^7.0.3",
        "package-config": "^5.0.0",
        "picomatch": "^4.0.2",
        "plur": "^5.1.0",
        "pretty-ms": "^9.2.0",
        "resolve-cwd": "^3.0.0",
        "stack-utils": "^2.0.6",
        "strip-ansi": "^7.1.0",
        "supertap": "^3.0.1",
        "temp-dir": "^3.0.0",
        "write-file-atomic": "^6.0.0",
        "yargs": "^17.7.2"
      },
      "bin": {
        "ava": "entrypoints/cli.mjs"
      },
      "devDependencies": {
        "@ava/test": "github:avajs/test",
        "@ava/typescript": "^6.0.0",
        "@sindresorhus/tsconfig": "^5.1.1",
        "@types/node": "^22.16.3",
        "ansi-escapes": "^7.0.0",
        "c8": "^10.1.3",
        "execa": "^9.6.0",
        "expect": "^30.0.4",
        "sinon": "^21.0.0",
        "tap": "^21.1.0",
        "tempy": "^3.1.0",
        "tsd": "^0.32.0",
        "typescript": "~5.8.3",
        "xo": "^1.1.1",
        "zen-observable": "^0.10.0"
      },
      "engines": {
        "node": "^18.18 || ^20.8 || ^22 || ^23 || >=24"
      },
      "peerDependencies": {
        "@ava/typescript": "*"
      },
      "peerDependenciesMeta": {
        "@ava/typescript": {
          "optional": true
        }
      }
    },
    "../../node_modules/.pnpm/clipboardy@5.0.2/node_modules/clipboardy": {
      "version": "5.0.2",
      "license": "MIT",
      "dependencies": {
        "execa": "^9.6.0",
        "is-wayland": "^0.1.0",
        "is-wsl": "^3.1.0",
        "is64bit": "^2.0.0"
      },
      "devDependencies": {
        "ava": "^6.4.1",
        "xo": "^1.2.2"
      },
      "engines": {
        "node": ">=20"
      },
      "funding": {
        "url": "https://github.com/sponsors/sindresorhus"
      }
    },
    "../../node_modules/.pnpm/commander@14.0.2/node_modules/commander": {
      "version": "14.0.2",
      "license": "MIT",
      "devDependencies": {
        "@eslint/js": "^9.4.0",
        "@types/jest": "^30.0.0",
        "@types/node": "^22.7.4",
        "eslint": "^9.17.0",
        "eslint-config-prettier": "^10.0.1",
        "eslint-plugin-jest": "^29.0.1",
        "globals": "^16.0.0",
        "jest": "^30.0.3",
        "prettier": "^3.2.5",
        "ts-jest": "^29.0.3",
        "tsd": "^0.33.0",
        "typescript": "^5.0.4",
        "typescript-eslint": "^8.12.2"
      },
      "engines": {
        "node": ">=20"
      }
    },
    "../../node_modules/.pnpm/csv-parse@5.6.0/node_modules/csv-parse": {
      "version": "5.6.0",
      "license": "MIT",
      "devDependencies": {
        "@eslint/js": "^9.15.0",
        "@rollup/plugin-node-resolve": "^15.3.0",
        "@types/mocha": "^10.0.9",
        "@types/node": "^22.9.1",
        "coffeescript": "^2.7.0",
        "csv-generate": "^4.4.2",
        "csv-spectrum": "^2.0.0",
        "each": "^2.7.2",
        "eslint": "^9.15.0",
        "eslint-config-prettier": "^9.1.0",
        "eslint-plugin-mocha": "^10.5.0",
        "eslint-plugin-prettier": "^5.2.1",
        "mocha": "^10.8.2",
        "pad": "^3.3.0",
        "prettier": "^3.3.3",
        "rollup": "^4.27.3",
        "rollup-plugin-node-builtins": "^2.1.2",
        "rollup-plugin-node-globals": "^1.4.0",
        "should": "^13.2.3",
        "stream-transform": "^3.3.3",
        "ts-node": "^10.9.2",
        "typescript": "^5.6.3"
      }
    },
    "../../node_modules/.pnpm/date-fns@4.1.0/node_modules/date-fns": {
      "version": "4.1.0",
      "license": "MIT",
      "devDependencies": {
        "@arethetypeswrong/cli": "^0.16.2",
        "@babel/cli": "^7.22.10",
        "@babel/core": "^7.22.10",
        "@babel/preset-env": "^7.22.10",
        "@babel/preset-typescript": "^7.22.5",
        "@date-fns/docs": "^0.38.0",
        "@date-fns/tz": "^1.0.2",
        "@date-fns/utc": "^1.2.0",
        "@octokit/core": "^3.2.5",
        "@size-limit/esbuild": "^11.0.1",
        "@size-limit/file": "^11.0.1",
        "@types/bun": "^1.1.9",
        "@types/lodash": "^4.14.202",
        "@types/node": "^20.14.2",
        "@types/sinon": "^9.0.6",
        "@typescript-eslint/eslint-plugin": "^8.5.0",
        "@typescript-eslint/parser": "^8.5.0",
        "@vitest/browser": "^1.3.1",
        "@vitest/coverage-v8": "^1.3.1",
        "babel-plugin-replace-import-extension": "^1.1.4",
        "bun": "^1.1.27",
        "cloc": "^2.2.0",
        "coveralls": "^3.1.1",
        "eslint": "^9.10.0",
        "firebase": "^3.7.1",
        "fp-ts": "^2.16.2",
        "js-fns": "^2.5.1",
        "jscodeshift": "^0.15.2",
        "lodash": "^4.17.21",
        "playwright": "^1.40.1",
        "prettier": "^3.1.0",
        "simple-git": "^2.35.2",
        "sinon": "^7.4.1",
        "size-limit": "^11.0.1",
        "tsx": "^4.6.1",
        "typedoc": "^0.26.7",
        "typedoc-plugin-missing-exports": "^3.0.0",
        "typescript": "^5.4.5",
        "vitest": "^1.3.1"
      },
      "funding": {
        "type": "github",
        "url": "https://github.com/sponsors/kossnocorp"
      }
    },
    "../../node_modules/.pnpm/open@10.2.0/node_modules/open": {
      "version": "10.2.0",
      "license": "MIT",
      "dependencies": {
        "default-browser": "^5.2.1",
        "define-lazy-prop": "^3.0.0",
        "is-inside-container": "^1.0.0",
        "wsl-utils": "^0.1.0"
      },
      "devDependencies": {
        "@types/node": "^20.10.5",
        "ava": "^6.4.0",
        "tsd": "^0.32.0",
        "xo": "^1.1.1"
      },
      "engines": {
        "node": ">=18"
      },
      "funding": {
        "url": "https://github.com/sponsors/sindresorhus"
      }
    },
    "../../node_modules/.pnpm/pako@2.1.0/node_modules/pako": {
      "version": "2.1.0",
      "license": "(MIT AND Zlib)",
      "devDependencies": {
        "@babel/preset-env": "^7.12.1",
        "@rollup/plugin-babel": "^5.2.1",
        "@rollup/plugin-commonjs": "^16.0.0",
        "@rollup/plugin-node-resolve": "^10.0.0",
        "eslint": "^7.13.0",
        "gh-pages": "^3.1.0",
        "mocha": "^8.2.1",
        "multiparty": "^4.1.3",
        "ndoc": "^6.0.0",
        "nyc": "^15.1.0",
        "rollup": "^2.33.1",
        "rollup-plugin-terser": "^7.0.2",
        "shelljs": "^0.8.4"
      }
    },
    "../../node_modules/.pnpm/picocolors@1.1.1/node_modules/picocolors": {
      "version": "1.1.1",
      "license": "ISC"
    },
    "../../node_modules/.pnpm/typescript@5.9.3/node_modules/typescript": {
      "version": "5.9.3",
      "dev": true,
      "license": "Apache-2.0",
      "bin": {
        "tsc": "bin/tsc",
        "tsserver": "bin/tsserver"
      },
      "devDependencies": {
        "@dprint/formatter": "^0.4.1",
        "@dprint/typescript": "0.93.4",
        "@esfx/canceltoken": "^1.0.0",
        "@eslint/js": "^9.20.0",
        "@octokit/rest": "^21.1.1",
        "@types/chai": "^4.3.20",
        "@types/diff": "^7.0.1",
        "@types/minimist": "^1.2.5",
        "@types/mocha": "^10.0.10",
        "@types/ms": "^0.7.34",
        "@types/node": "latest",
        "@types/source-map-support": "^0.5.10",
        "@types/which": "^3.0.4",
        "@typescript-eslint/rule-tester": "^8.24.1",
        "@typescript-eslint/type-utils": "^8.24.1",
        "@typescript-eslint/utils": "^8.24.1",
        "azure-devops-node-api": "^14.1.0",
        "c8": "^10.1.3",
        "chai": "^4.5.0",
        "chokidar": "^4.0.3",
        "diff": "^7.0.0",
        "dprint": "^0.49.0",
        "esbuild": "^0.25.0",
        "eslint": "^9.20.1",
        "eslint-formatter-autolinkable-stylish": "^1.4.0",
        "eslint-plugin-regexp": "^2.7.0",
        "fast-xml-parser": "^4.5.2",
        "glob": "^10.4.5",
        "globals": "^15.15.0",
        "hereby": "^1.10.0",
        "jsonc-parser": "^3.3.1",
        "knip": "^5.44.4",
        "minimist": "^1.2.8",
        "mocha": "^10.8.2",
        "mocha-fivemat-progress-reporter": "^0.1.0",
        "monocart-coverage-reports": "^2.12.1",
        "ms": "^2.1.3",
        "picocolors": "^1.1.1",
        "playwright": "^1.50.1",
        "source-map-support": "^0.5.21",
        "tslib": "^2.8.1",
        "typescript": "^5.7.3",
        "typescript-eslint": "^8.24.1",
        "which": "^3.0.1"
      },
      "engines": {
        "node": ">=14.17"
      }
    },
    "../core": {
      "name": "@starknetid/vibetracking-core",
      "version": "0.1.0",
      "extraneous": true,
      "license": "MIT",
      "devDependencies": {
        "@napi-rs/cli": "^3.4.1",
        "ava": "^6.1.0"
      },
      "engines": {
        "node": ">= 16"
      },
      "optionalDependencies": {
        "@starknetid/vibetracking-core-darwin-arm64": "0.1.0",
        "@starknetid/vibetracking-core-darwin-universal": "0.1.0",
        "@starknetid/vibetracking-core-darwin-x64": "0.1.0",
        "@starknetid/vibetracking-core-linux-arm64-gnu": "0.1.0",
        "@starknetid/vibetracking-core-linux-x64-gnu": "0.1.0",
        "@starknetid/vibetracking-core-win32-arm64-msvc": "0.1.0",
        "@starknetid/vibetracking-core-win32-x64-msvc": "0.1.0"
      }
    },
    "node_modules/@starknetid/vibetracking-core": {
      "version": "0.1.0",
      "resolved": "https://registry.npmjs.org/@starknetid/vibetracking-core/-/vibetracking-core-0.1.0.tgz",
      "integrity": "sha512-AvsRGNR9Gih+SAmBSXJ7W5/gIWgrhL4fZXx6qnOUPZr9353evpgbpXu/z95f4RDaq3cH6uPKtvft0SkScI+GQw==",
      "engines": {
        "node": ">= 16"
      },
      "optionalDependencies": {
        "@starknetid/vibetracking-core-darwin-arm64": "0.1.0",
        "@starknetid/vibetracking-core-darwin-universal": "0.1.0",
        "@starknetid/vibetracking-core-darwin-x64": "0.1.0",
        "@starknetid/vibetracking-core-linux-arm64-gnu": "0.1.0",
        "@starknetid/vibetracking-core-linux-x64-gnu": "0.1.0",
        "@starknetid/vibetracking-core-win32-arm64-msvc": "0.1.0",
        "@starknetid/vibetracking-core-win32-x64-msvc": "0.1.0"
      }
    },
    "node_modules/@starknetid/vibetracking-core-darwin-arm64": {
      "version": "0.1.0",
      "resolved": "https://registry.npmjs.org/@starknetid/vibetracking-core-darwin-arm64/-/vibetracking-core-darwin-arm64-0.1.0.tgz",
      "integrity": "sha512-HP42L7DT3d7GlCMMcNPU2L6zpB+aSRFXavzXuv+nyUAd3aPlWZ2XgKVubPQ3J01JxJNUUpO1B60DAQO76FPNgg==",
      "cpu": [
        "arm64"
      ],
      "optional": true,
      "os": [
        "darwin"
      ],
      "engines": {
        "node": ">= 16"
      }
    },
    "node_modules/@starknetid/vibetracking-core-darwin-universal": {
      "version": "0.1.0",
      "resolved": "https://registry.npmjs.org/@starknetid/vibetracking-core-darwin-universal/-/vibetracking-core-darwin-universal-0.1.0.tgz",
      "integrity": "sha512-BJZe99EskuYSSb8oF21tGdWagubdkDkjPp7DSH43/NQU2SOS5SvyweB/2nFCidGRPdEX05cKaOjmBPw9Z0I8Fg==",
      "optional": true,
      "os": [
        "darwin"
      ],
      "engines": {
        "node": ">= 16"
      }
    },
    "node_modules/@starknetid/vibetracking-core-darwin-x64": {
      "version": "0.1.0",
      "resolved": "https://registry.npmjs.org/@starknetid/vibetracking-core-darwin-x64/-/vibetracking-core-darwin-x64-0.1.0.tgz",
      "integrity": "sha512-Rhhsep7p6DofIQt93l3hia6n73hp+DFr44U8cU6wJfFIq+aEL8LVJ64qyR6gzRY3pQG86p+ZdF9UjAI0H7kYwA==",
      "cpu": [
        "x64"
      ],
      "optional": true,
      "os": [
        "darwin"
      ],
      "engines": {
        "node": ">= 16"
      }
    },
    "node_modules/@starknetid/vibetracking-core-linux-arm64-gnu": {
      "version": "0.1.0",
      "resolved": "https://registry.npmjs.org/@starknetid/vibetracking-core-linux-arm64-gnu/-/vibetracking-core-linux-arm64-gnu-0.1.0.tgz",
      "integrity": "sha512-P4Euc0JJR9vuVMul6p1wi5uWPPlkA6jsYAbeDqkzT6uEaq1NGLk2JE+4TppfpLVaXZ3wrG7/hFbKa4jOQQJyhQ==",
      "cpu": [
        "arm64"
      ],
      "optional": true,
      "os": [
        "linux"
      ],
      "engines": {
        "node": ">= 16"
      }
    },
    "node_modules/@starknetid/vibetracking-core-linux-x64-gnu": {
      "version": "0.1.0",
      "resolved": "https://registry.npmjs.org/@starknetid/vibetracking-core-linux-x64-gnu/-/vibetracking-core-linux-x64-gnu-0.1.0.tgz",
      "integrity": "sha512-DRQYgBiQncx6/3AgnZcT0h9WpqAVdksFsyCvHcm8HJ1MdIAmz8cV9tFQSSxe9XekZYY7tbEgRGkVWIKof8CPIg==",
      "cpu": [
        "x64"
      ],
      "optional": true,
      "os": [
        "linux"
      ],
      "engines": {
        "node": ">= 16"
      }
    },
    "node_modules/@starknetid/vibetracking-core-win32-arm64-msvc": {
      "version": "0.1.0",
      "resolved": "https://registry.npmjs.org/@starknetid/vibetracking-core-win32-arm64-msvc/-/vibetracking-core-win32-arm64-msvc-0.1.0.tgz",
      "integrity": "sha512-FFma6cYr3/HabkRi6B3ExeikTtuhhdhSvKhTB/7q1QcZtpRHEk0nAdmOyoTvEt2j5F2ZqKb9oSRvP3ZytsTs7A==",
      "cpu": [
        "arm64"
      ],
      "optional": true,
      "os": [
        "win32"
      ],
      "engines": {
        "node": ">= 16"
      }
    },
    "node_modules/@starknetid/vibetracking-core-win32-x64-msvc": {
      "version": "0.1.0",
      "resolved": "https://registry.npmjs.org/@starknetid/vibetracking-core-win32-x64-msvc/-/vibetracking-core-win32-x64-msvc-0.1.0.tgz",
      "integrity": "sha512-GRHdAcNCM4ZksMhWoIt7+B9UwQ5hrU96LpG2R5vrxRekWbf78FSDmtFH0IP4cj+ALNd0NoxPmNgQlEhWhiqtFA==",
      "cpu": [
        "x64"
      ],
      "optional": true,
      "os": [
        "win32"
      ],
      "engines": {
        "node": ">= 16"
      }
    },
    "node_modules/@types/node": {
      "resolved": "../../node_modules/.pnpm/@types+node@20.19.27/node_modules/@types/node",
      "link": true
    },
    "node_modules/@types/pako": {
      "resolved": "../../node_modules/.pnpm/@types+pako@2.0.4/node_modules/@types/pako",
      "link": true
    },
    "node_modules/clipboardy": {
      "resolved": "../../node_modules/.pnpm/clipboardy@5.0.2/node_modules/clipboardy",
      "link": true
    },
    "node_modules/commander": {
      "resolved": "../../node_modules/.pnpm/commander@14.0.2/node_modules/commander",
      "link": true
    },
    "node_modules/csv-parse": {
      "resolved": "../../node_modules/.pnpm/csv-parse@5.6.0/node_modules/csv-parse",
      "link": true
    },
    "node_modules/date-fns": {
      "resolved": "../../node_modules/.pnpm/date-fns@4.1.0/node_modules/date-fns",
      "link": true
    },
    "node_modules/open": {
      "resolved": "../../node_modules/.pnpm/open@10.2.0/node_modules/open",
      "link": true
    },
    "node_modules/pako": {
      "resolved": "../../node_modules/.pnpm/pako@2.1.0/node_modules/pako",
      "link": true
    },
    "node_modules/picocolors": {
      "resolved": "../../node_modules/.pnpm/picocolors@1.1.1/node_modules/picocolors",
      "link": true
    },
    "node_modules/typescript": {
      "resolved": "../../node_modules/.pnpm/typescript@5.9.3/node_modules/typescript",
      "link": true
    }
  }
}
